{
	"name": "node-red-folder-to-chart",
	"version": "1.0.0",
	"lockfileVersion": 2,
	"requires": true,
	"packages": {
		"": {
			"name": "node-red-folder-to-chart",
			"version": "1.0.0",
			"license": "ISC",
			"dependencies": {
				"node-red-chartjs": "file:../node-red-chartjs"
			}
		},
		"../node-red-chartjs": {
			"version": "1.0.0",
			"license": "ISC",
			"dependencies": {
				"chart.js": "^3.7.1",
				"chartjs-plugin-annotation": "^1.4.0",
				"node-red-node-test-helper": "^0.2.7"
			}
		},
		"node_modules/node-red-chartjs": {
			"resolved": "../node-red-chartjs",
			"link": true
		}
	},
	"dependencies": {
		"node-red-chartjs": {
			"version": "file:../node-red-chartjs",
			"requires": {
				"chart.js": "^3.7.1",
				"chartjs-plugin-annotation": "^1.4.0",
				"node-red-node-test-helper": "^0.2.7"
			}
		}
	}
}
